
Microsoft Visual Studio Solution File, Format Version 12.00
# Visual Studio Version 17
VisualStudioVersion = 17.0.31903.59
MinimumVisualStudioVersion = 10.0.40219.1
Project("{FAE04EC0-301F-11D3-BF4B-00C04F79EFBC}") = "EX01WordCounter", "WordCounter\EX01WordCounter.csproj", "{3F986D90-9D51-4B15-84C6-8F0E0D5E5A5C}"
EndProject
Project("{FAE04EC0-301F-11D3-BF4B-00C04F79EFBC}") = "EX02BirthdayReminder", "EX02BirthdayReminder\EX02BirthdayReminder.csproj", "{9B2E4908-4989-4AE6-851D-B51F9E48B69E}"
EndProject
Global
	GlobalSection(SolutionConfigurationPlatforms) = preSolution
		Debug|Any CPU = Debug|Any CPU
		Release|Any CPU = Release|Any CPU
	EndGlobalSection
	GlobalSection(ProjectConfigurationPlatforms) = postSolution
		{3F986D90-9D51-4B15-84C6-8F0E0D5E5A5C}.Debug|Any CPU.ActiveCfg = Debug|Any CPU
		{3F986D90-9D51-4B15-84C6-8F0E0D5E5A5C}.Debug|Any CPU.Build.0 = Debug|Any CPU
		{3F986D90-9D51-4B15-84C6-8F0E0D5E5A5C}.Release|Any CPU.ActiveCfg = Release|Any CPU
		{3F986D90-9D51-4B15-84C6-8F0E0D5E5A5C}.Release|Any CPU.Build.0 = Release|Any CPU
		{9B2E4908-4989-4AE6-851D-B51F9E48B69E}.Debug|Any CPU.ActiveCfg = Debug|Any CPU
		{9B2E4908-4989-4AE6-851D-B51F9E48B69E}.Debug|Any CPU.Build.0 = Debug|Any CPU
		{9B2E4908-4989-4AE6-851D-B51F9E48B69E}.Release|Any CPU.ActiveCfg = Release|Any CPU
		{9B2E4908-4989-4AE6-851D-B51F9E48B69E}.Release|Any CPU.Build.0 = Release|Any CPU
	EndGlobalSection
	GlobalSection(SolutionProperties) = preSolution
		HideSolutionNode = FALSE
	EndGlobalSection
	GlobalSection(ExtensibilityGlobals) = postSolution
		SolutionGuid = {756EC130-1710-4190-9B9F-FF905393780E}
	EndGlobalSection
EndGlobal
