
Microsoft Visual Studio Solution File, Format Version 12.00
# Visual Studio Version 17
VisualStudioVersion = 17.5.33627.172
MinimumVisualStudioVersion = 10.0.40219.1
Project("{FAE04EC0-301F-11D3-BF4B-00C04F79EFBC}") = "P01StoredProcedure", "SQL01procedures\P01StoredProcedure.csproj", "{9273BB0F-5758-4209-872B-B1350E9F76AB}"
EndProject
Project("{FAE04EC0-301F-11D3-BF4B-00C04F79EFBC}") = "P02uploadToBlobs", "P02uploadAndDownloadBlobs\P02uploadToBlobs.csproj", "{9B61B9DD-C9D1-4B0E-BB61-26D27BB41C89}"
EndProject
Project("{FAE04EC0-301F-11D3-BF4B-00C04F79EFBC}") = "P03downloadFromBlob", "P03downloadFromBlob\P03downloadFromBlob.csproj", "{DF46DB14-1BC0-4B00-933C-D155C16B82E7}"
EndProject
Project("{FAE04EC0-301F-11D3-BF4B-00C04F79EFBC}") = "P04AzureTableStorage", "P04AzureTableStorage\P04AzureTableStorage.csproj", "{2E3C76B1-6B49-402A-9215-7DF7DEE25062}"
EndProject
Project("{FAE04EC0-301F-11D3-BF4B-00C04F79EFBC}") = "P05fileStorage", "P05fileStorage\P05fileStorage.csproj", "{FB7DCABD-549F-4BE3-B43B-B4DF1EDDBA3E}"
EndProject
Global
	GlobalSection(SolutionConfigurationPlatforms) = preSolution
		Debug|Any CPU = Debug|Any CPU
		Release|Any CPU = Release|Any CPU
	EndGlobalSection
	GlobalSection(ProjectConfigurationPlatforms) = postSolution
		{9273BB0F-5758-4209-872B-B1350E9F76AB}.Debug|Any CPU.ActiveCfg = Debug|Any CPU
		{9273BB0F-5758-4209-872B-B1350E9F76AB}.Debug|Any CPU.Build.0 = Debug|Any CPU
		{9273BB0F-5758-4209-872B-B1350E9F76AB}.Release|Any CPU.ActiveCfg = Release|Any CPU
		{9273BB0F-5758-4209-872B-B1350E9F76AB}.Release|Any CPU.Build.0 = Release|Any CPU
		{9B61B9DD-C9D1-4B0E-BB61-26D27BB41C89}.Debug|Any CPU.ActiveCfg = Debug|Any CPU
		{9B61B9DD-C9D1-4B0E-BB61-26D27BB41C89}.Debug|Any CPU.Build.0 = Debug|Any CPU
		{9B61B9DD-C9D1-4B0E-BB61-26D27BB41C89}.Release|Any CPU.ActiveCfg = Release|Any CPU
		{9B61B9DD-C9D1-4B0E-BB61-26D27BB41C89}.Release|Any CPU.Build.0 = Release|Any CPU
		{DF46DB14-1BC0-4B00-933C-D155C16B82E7}.Debug|Any CPU.ActiveCfg = Debug|Any CPU
		{DF46DB14-1BC0-4B00-933C-D155C16B82E7}.Debug|Any CPU.Build.0 = Debug|Any CPU
		{DF46DB14-1BC0-4B00-933C-D155C16B82E7}.Release|Any CPU.ActiveCfg = Release|Any CPU
		{DF46DB14-1BC0-4B00-933C-D155C16B82E7}.Release|Any CPU.Build.0 = Release|Any CPU
		{2E3C76B1-6B49-402A-9215-7DF7DEE25062}.Debug|Any CPU.ActiveCfg = Debug|Any CPU
		{2E3C76B1-6B49-402A-9215-7DF7DEE25062}.Debug|Any CPU.Build.0 = Debug|Any CPU
		{2E3C76B1-6B49-402A-9215-7DF7DEE25062}.Release|Any CPU.ActiveCfg = Release|Any CPU
		{2E3C76B1-6B49-402A-9215-7DF7DEE25062}.Release|Any CPU.Build.0 = Release|Any CPU
		{FB7DCABD-549F-4BE3-B43B-B4DF1EDDBA3E}.Debug|Any CPU.ActiveCfg = Debug|Any CPU
		{FB7DCABD-549F-4BE3-B43B-B4DF1EDDBA3E}.Debug|Any CPU.Build.0 = Debug|Any CPU
		{FB7DCABD-549F-4BE3-B43B-B4DF1EDDBA3E}.Release|Any CPU.ActiveCfg = Release|Any CPU
		{FB7DCABD-549F-4BE3-B43B-B4DF1EDDBA3E}.Release|Any CPU.Build.0 = Release|Any CPU
	EndGlobalSection
	GlobalSection(SolutionProperties) = preSolution
		HideSolutionNode = FALSE
	EndGlobalSection
	GlobalSection(ExtensibilityGlobals) = postSolution
		SolutionGuid = {90612C9E-8C5B-422C-B67B-773ABADF2447}
	EndGlobalSection
EndGlobal
