
Microsoft Visual Studio Solution File, Format Version 12.00
# Visual Studio Version 17
VisualStudioVersion = 17.5.33627.172
MinimumVisualStudioVersion = 10.0.40219.1
Project("{FAE04EC0-301F-11D3-BF4B-00C04F79EFBC}") = "C05EXtextManager", "C05EXtextManager\C05EXtextManager.csproj", "{FD168479-B0D5-47DB-9A69-3355514D5D45}"
EndProject
Project("{FAE04EC0-301F-11D3-BF4B-00C04F79EFBC}") = "C06weatherManager", "C06weatherManager\C06weatherManager.csproj", "{7BE491CD-0848-442F-BFE7-02E155BCF576}"
EndProject
Project("{FAE04EC0-301F-11D3-BF4B-00C04F79EFBC}") = "C07enumerators", "C07enumerators\C07enumerators.csproj", "{0FADD157-FB8D-42C1-A78E-9AAD71448753}"
EndProject
Global
	GlobalSection(SolutionConfigurationPlatforms) = preSolution
		Debug|Any CPU = Debug|Any CPU
		Release|Any CPU = Release|Any CPU
	EndGlobalSection
	GlobalSection(ProjectConfigurationPlatforms) = postSolution
		{FD168479-B0D5-47DB-9A69-3355514D5D45}.Debug|Any CPU.ActiveCfg = Debug|Any CPU
		{FD168479-B0D5-47DB-9A69-3355514D5D45}.Debug|Any CPU.Build.0 = Debug|Any CPU
		{FD168479-B0D5-47DB-9A69-3355514D5D45}.Release|Any CPU.ActiveCfg = Release|Any CPU
		{FD168479-B0D5-47DB-9A69-3355514D5D45}.Release|Any CPU.Build.0 = Release|Any CPU
		{7BE491CD-0848-442F-BFE7-02E155BCF576}.Debug|Any CPU.ActiveCfg = Debug|Any CPU
		{7BE491CD-0848-442F-BFE7-02E155BCF576}.Debug|Any CPU.Build.0 = Debug|Any CPU
		{7BE491CD-0848-442F-BFE7-02E155BCF576}.Release|Any CPU.ActiveCfg = Release|Any CPU
		{7BE491CD-0848-442F-BFE7-02E155BCF576}.Release|Any CPU.Build.0 = Release|Any CPU
		{0FADD157-FB8D-42C1-A78E-9AAD71448753}.Debug|Any CPU.ActiveCfg = Debug|Any CPU
		{0FADD157-FB8D-42C1-A78E-9AAD71448753}.Debug|Any CPU.Build.0 = Debug|Any CPU
		{0FADD157-FB8D-42C1-A78E-9AAD71448753}.Release|Any CPU.ActiveCfg = Release|Any CPU
		{0FADD157-FB8D-42C1-A78E-9AAD71448753}.Release|Any CPU.Build.0 = Release|Any CPU
	EndGlobalSection
	GlobalSection(SolutionProperties) = preSolution
		HideSolutionNode = FALSE
	EndGlobalSection
	GlobalSection(ExtensibilityGlobals) = postSolution
		SolutionGuid = {53DADB1E-627E-43BE-AA2A-A2D6ECBD4C47}
	EndGlobalSection
EndGlobal
